# This file is automatically @generated by Cargo.
# It is not intended for manual editing.
version = 3

[[package]]
name = "az"
version = "1.2.1"
source = "registry+https://github.com/rust-lang/crates.io-index"
checksum = "7b7e4c2464d97fe331d41de9d5db0def0a96f4d823b8b32a2efd503578988973"

[[package]]
name = "corpus-cli"
version = "0.1.0"
dependencies = [
 "corpus-types",
 "glob",
]

[[package]]
name = "corpus-types"
version = "0.1.0"
dependencies = [
 "rug",
 "serde",
 "serde_json",
 "strum",
 "thiserror",
]

[[package]]
name = "glob"
version = "0.3.1"
source = "registry+https://github.com/rust-lang/crates.io-index"
checksum = "d2fabcfbdc87f4758337ca535fb41a6d701b65693ce38287d856d1674551ec9b"

[[package]]
name = "gmp-mpfr-sys"
version = "1.6.0"
source = "registry+https://github.com/rust-lang/crates.io-index"
checksum = "87010f41b33d28887e0379114e7b065ad39f34e2589a8e8e0fe02c8559c68466"
dependencies = [
 "libc",
 "windows-sys",
]

[[package]]
name = "heck"
version = "0.4.1"
source = "registry+https://github.com/rust-lang/crates.io-index"
checksum = "95505c38b4572b2d910cecb0281560f54b440a19336cbbcb27bf6ce6adc6f5a8"

[[package]]
name = "itoa"
version = "1.0.9"
source = "registry+https://github.com/rust-lang/crates.io-index"
checksum = "af150ab688ff2122fcef229be89cb50dd66af9e01a4ff320cc137eecc9bacc38"

[[package]]
name = "libc"
version = "0.2.147"
source = "registry+https://github.com/rust-lang/crates.io-index"
checksum = "b4668fb0ea861c1df094127ac5f1da3409a82116a4ba74fca2e58ef927159bb3"

[[package]]
name = "proc-macro2"
version = "1.0.66"
source = "registry+https://github.com/rust-lang/crates.io-index"
checksum = "18fb31db3f9bddb2ea821cde30a9f70117e3f119938b5ee630b7403aa6e2ead9"
dependencies = [
 "unicode-ident",
]

[[package]]
name = "quote"
version = "1.0.32"
source = "registry+https://github.com/rust-lang/crates.io-index"
checksum = "50f3b39ccfb720540debaa0164757101c08ecb8d326b15358ce76a62c7e85965"
dependencies = [
 "proc-macro2",
]

[[package]]
name = "rug"
version = "1.20.0"
source = "registry+https://github.com/rust-lang/crates.io-index"
checksum = "dbb4d5df59c9927cbfbe0d0b168a3c59b31f4055b76f12590bee6a09e39af27a"
dependencies = [
 "az",
 "gmp-mpfr-sys",
 "libc",
 "serde",
]

[[package]]
name = "rustversion"
version = "1.0.14"
source = "registry+https://github.com/rust-lang/crates.io-index"
checksum = "7ffc183a10b4478d04cbbbfc96d0873219d962dd5accaff2ffbd4ceb7df837f4"

[[package]]
name = "ryu"
version = "1.0.15"
source = "registry+https://github.com/rust-lang/crates.io-index"
checksum = "1ad4cc8da4ef723ed60bced201181d83791ad433213d8c24efffda1eec85d741"

[[package]]
name = "serde"
version = "1.0.180"
source = "registry+https://github.com/rust-lang/crates.io-index"
checksum = "0ea67f183f058fe88a4e3ec6e2788e003840893b91bac4559cabedd00863b3ed"
dependencies = [
 "serde_derive",
]

[[package]]
name = "serde_derive"
version = "1.0.180"
source = "registry+https://github.com/rust-lang/crates.io-index"
checksum = "24e744d7782b686ab3b73267ef05697159cc0e5abbed3f47f9933165e5219036"
dependencies = [
 "proc-macro2",
 "quote",
 "syn",
]

[[package]]
name = "serde_json"
version = "1.0.104"
source = "registry+https://github.com/rust-lang/crates.io-index"
checksum = "076066c5f1078eac5b722a31827a8832fe108bed65dfa75e233c89f8206e976c"
dependencies = [
 "itoa",
 "ryu",
 "serde",
]

[[package]]
name = "strum"
version = "0.25.0"
source = "registry+https://github.com/rust-lang/crates.io-index"
checksum = "290d54ea6f91c969195bdbcd7442c8c2a2ba87da8bf60a7ee86a235d4bc1e125"
dependencies = [
 "strum_macros",
]

[[package]]
name = "strum_macros"
version = "0.25.1"
source = "registry+https://github.com/rust-lang/crates.io-index"
checksum = "6069ca09d878a33f883cc06aaa9718ede171841d3832450354410b718b097232"
dependencies = [
 "heck",
 "proc-macro2",
 "quote",
 "rustversion",
 "syn",
]

[[package]]
name = "syn"
version = "2.0.28"
source = "registry+https://github.com/rust-lang/crates.io-index"
checksum = "04361975b3f5e348b2189d8dc55bc942f278b2d482a6a0365de5bdd62d351567"
dependencies = [
 "proc-macro2",
 "quote",
 "unicode-ident",
]

[[package]]
name = "thiserror"
version = "1.0.44"
source = "registry+https://github.com/rust-lang/crates.io-index"
checksum = "611040a08a0439f8248d1990b111c95baa9c704c805fa1f62104b39655fd7f90"
dependencies = [
 "thiserror-impl",
]

[[package]]
name = "thiserror-impl"
version = "1.0.44"
source = "registry+https://github.com/rust-lang/crates.io-index"
checksum = "090198534930841fab3a5d1bb637cde49e339654e606195f8d9c76eeb081dc96"
dependencies = [
 "proc-macro2",
 "quote",
 "syn",
]

[[package]]
name = "unicode-ident"
version = "1.0.11"
source = "registry+https://github.com/rust-lang/crates.io-index"
checksum = "301abaae475aa91687eb82514b328ab47a211a533026cb25fc3e519b86adfc3c"

[[package]]
name = "windows-sys"
version = "0.42.0"
source = "registry+https://github.com/rust-lang/crates.io-index"
checksum = "5a3e1820f08b8513f676f7ab6c1f99ff312fb97b553d30ff4dd86f9f15728aa7"
dependencies = [
 "windows_aarch64_gnullvm",
 "windows_aarch64_msvc",
 "windows_i686_gnu",
 "windows_i686_msvc",
 "windows_x86_64_gnu",
 "windows_x86_64_gnullvm",
 "windows_x86_64_msvc",
]

[[package]]
name = "windows_aarch64_gnullvm"
version = "0.42.2"
source = "registry+https://github.com/rust-lang/crates.io-index"
checksum = "597a5118570b68bc08d8d59125332c54f1ba9d9adeedeef5b99b02ba2b0698f8"

[[package]]
name = "windows_aarch64_msvc"
version = "0.42.2"
source = "registry+https://github.com/rust-lang/crates.io-index"
checksum = "e08e8864a60f06ef0d0ff4ba04124db8b0fb3be5776a5cd47641e942e58c4d43"

[[package]]
name = "windows_i686_gnu"
version = "0.42.2"
source = "registry+https://github.com/rust-lang/crates.io-index"
checksum = "c61d927d8da41da96a81f029489353e68739737d3beca43145c8afec9a31a84f"

[[package]]
name = "windows_i686_msvc"
version = "0.42.2"
source = "registry+https://github.com/rust-lang/crates.io-index"
checksum = "44d840b6ec649f480a41c8d80f9c65108b92d89345dd94027bfe06ac444d1060"

[[package]]
name = "windows_x86_64_gnu"
version = "0.42.2"
source = "registry+https://github.com/rust-lang/crates.io-index"
checksum = "8de912b8b8feb55c064867cf047dda097f92d51efad5b491dfb98f6bbb70cb36"

[[package]]
name = "windows_x86_64_gnullvm"
version = "0.42.2"
source = "registry+https://github.com/rust-lang/crates.io-index"
checksum = "26d41b46a36d453748aedef1486d5c7a85db22e56aff34643984ea85514e94a3"

[[package]]
name = "windows_x86_64_msvc"
version = "0.42.2"
source = "registry+https://github.com/rust-lang/crates.io-index"
checksum = "9aec5da331524158c6d1a4ac0ab1541149c0b9505fde06423b02f5ef0106b9f0"
